// !$*UTF8*$!
{
	archiveVersion = 1;
	classes = {
	};
	objectVersion = 50;
	objects = {

/* Begin PBXBuildFile section */
		4E1CAB9C2316BB7500DADE70 /* AppDelegate.swift in Sources */ = {isa = PBXBuildFile; fileRef = 4E1CAB9B2316BB7500DADE70 /* AppDelegate.swift */; };
		4E1CAB9E2316BB7500DADE70 /* SceneDelegate.swift in Sources */ = {isa = PBXBuildFile; fileRef = 4E1CAB9D2316BB7500DADE70 /* SceneDelegate.swift */; };
		4E1CABA32316BB7500DADE70 /* Main.storyboard in Resources */ = {isa = PBXBuildFile; fileRef = 4E1CABA12316BB7500DADE70 /* Main.storyboard */; };
		4E1CABA52316BB7800DADE70 /* Assets.xcassets in Resources */ = {isa = PBXBuildFile; fileRef = 4E1CABA42316BB7800DADE70 /* Assets.xcassets */; };
		4E1CABA82316BB7800DADE70 /* LaunchScreen.storyboard in Resources */ = {isa = PBXBuildFile; fileRef = 4E1CABA62316BB7800DADE70 /* LaunchScreen.storyboard */; };
		4E4FCCA92316E29B00DE83D2 /* PropertyList.swift in Sources */ = {isa = PBXBuildFile; fileRef = 4E4FCCA82316E29B00DE83D2 /* PropertyList.swift */; };
		4E4FCCAF2316E8FE00DE83D2 /* ParseOperation.swift in Sources */ = {isa = PBXBuildFile; fileRef = 4E4FCCAB2316E8FE00DE83D2 /* ParseOperation.swift */; };
		4E4FCCB02316E8FE00DE83D2 /* IconDownloader.swift in Sources */ = {isa = PBXBuildFile; fileRef = 4E4FCCAC2316E8FE00DE83D2 /* IconDownloader.swift */; };
		4E4FCCB12316E8FE00DE83D2 /* AppRecord.swift in Sources */ = {isa = PBXBuildFile; fileRef = 4E4FCCAE2316E8FE00DE83D2 /* AppRecord.swift */; };
		4E91C9342316EB4E00D1542E /* TableViewController.swift in Sources */ = {isa = PBXBuildFile; fileRef = 4E91C9332316EB4E00D1542E /* TableViewController.swift */; };
		4EE5596C233E7F0800BAF360 /* Operations.swift in Sources */ = {isa = PBXBuildFile; fileRef = 4EE5596B233E7F0800BAF360 /* Operations.swift */; };
/* End PBXBuildFile section */

/* Begin PBXFileReference section */
		4E1CAB982316BB7500DADE70 /* BackgroundFetch.app */ = {isa = PBXFileReference; explicitFileType = wrapper.application; includeInIndex = 0; path = BackgroundFetch.app; sourceTree = BUILT_PRODUCTS_DIR; };
		4E1CAB9B2316BB7500DADE70 /* AppDelegate.swift */ = {isa = PBXFileReference; lastKnownFileType = sourcecode.swift; path = AppDelegate.swift; sourceTree = "<group>"; };
		4E1CAB9D2316BB7500DADE70 /* SceneDelegate.swift */ = {isa = PBXFileReference; lastKnownFileType = sourcecode.swift; path = SceneDelegate.swift; sourceTree = "<group>"; };
		4E1CABA22316BB7500DADE70 /* Base */ = {isa = PBXFileReference; lastKnownFileType = file.storyboard; name = Base; path = Base.lproj/Main.storyboard; sourceTree = "<group>"; };
		4E1CABA42316BB7800DADE70 /* Assets.xcassets */ = {isa = PBXFileReference; lastKnownFileType = folder.assetcatalog; path = Assets.xcassets; sourceTree = "<group>"; };
		4E1CABA72316BB7800DADE70 /* Base */ = {isa = PBXFileReference; lastKnownFileType = file.storyboard; name = Base; path = Base.lproj/LaunchScreen.storyboard; sourceTree = "<group>"; };
		4E1CABA92316BB7800DADE70 /* Info.plist */ = {isa = PBXFileReference; lastKnownFileType = text.plist.xml; path = Info.plist; sourceTree = "<group>"; };
		4E4FCCA82316E29B00DE83D2 /* PropertyList.swift */ = {isa = PBXFileReference; fileEncoding = 4; lastKnownFileType = sourcecode.swift; path = PropertyList.swift; sourceTree = "<group>"; };
		4E4FCCAB2316E8FE00DE83D2 /* ParseOperation.swift */ = {isa = PBXFileReference; fileEncoding = 4; lastKnownFileType = sourcecode.swift; path = ParseOperation.swift; sourceTree = "<group>"; };
		4E4FCCAC2316E8FE00DE83D2 /* IconDownloader.swift */ = {isa = PBXFileReference; fileEncoding = 4; lastKnownFileType = sourcecode.swift; path = IconDownloader.swift; sourceTree = "<group>"; };
		4E4FCCAE2316E8FE00DE83D2 /* AppRecord.swift */ = {isa = PBXFileReference; fileEncoding = 4; lastKnownFileType = sourcecode.swift; path = AppRecord.swift; sourceTree = "<group>"; };
		4E91C9332316EB4E00D1542E /* TableViewController.swift */ = {isa = PBXFileReference; lastKnownFileType = sourcecode.swift; path = TableViewController.swift; sourceTree = "<group>"; };
		4EE5596B233E7F0800BAF360 /* Operations.swift */ = {isa = PBXFileReference; lastKnownFileType = sourcecode.swift; path = Operations.swift; sourceTree = "<group>"; };
/* End PBXFileReference section */

/* Begin PBXFrameworksBuildPhase section */
		4E1CAB952316BB7500DADE70 /* Frameworks */ = {
			isa = PBXFrameworksBuildPhase;
			buildActionMask = 2147483647;
			files = (
			);
			runOnlyForDeploymentPostprocessing = 0;
		};
/* End PBXFrameworksBuildPhase section */

/* Begin PBXGroup section */
		4E1CAB8F2316BB7500DADE70 = {
			isa = PBXGroup;
			children = (
				4E1CAB9A2316BB7500DADE70 /* BackgroundFetch */,
				4E1CAB992316BB7500DADE70 /* Products */,
			);
			sourceTree = "<group>";
		};
		4E1CAB992316BB7500DADE70 /* Products */ = {
			isa = PBXGroup;
			children = (
				4E1CAB982316BB7500DADE70 /* BackgroundFetch.app */,
			);
			name = Products;
			sourceTree = "<group>";
		};
		4E1CAB9A2316BB7500DADE70 /* BackgroundFetch */ = {
			isa = PBXGroup;
			children = (
				4E1CAB9B2316BB7500DADE70 /* AppDelegate.swift */,
				4E1CAB9D2316BB7500DADE70 /* SceneDelegate.swift */,
				4E91C9332316EB4E00D1542E /* TableViewController.swift */,
				4EE5596B233E7F0800BAF360 /* Operations.swift */,
				4E4FCCAD2316E8FE00DE83D2 /* Models */,
				4E4FCCAA2316E8FE00DE83D2 /* Utilities */,
				4E4FCCA82316E29B00DE83D2 /* PropertyList.swift */,
				4E1CABA12316BB7500DADE70 /* Main.storyboard */,
				4E1CABA42316BB7800DADE70 /* Assets.xcassets */,
				4E1CABA62316BB7800DADE70 /* LaunchScreen.storyboard */,
				4E1CABA92316BB7800DADE70 /* Info.plist */,
			);
			path = BackgroundFetch;
			sourceTree = "<group>";
		};
		4E4FCCAA2316E8FE00DE83D2 /* Utilities */ = {
			isa = PBXGroup;
			children = (
				4E4FCCAB2316E8FE00DE83D2 /* ParseOperation.swift */,
				4E4FCCAC2316E8FE00DE83D2 /* IconDownloader.swift */,
			);
			path = Utilities;
			sourceTree = "<group>";
		};
		4E4FCCAD2316E8FE00DE83D2 /* Models */ = {
			isa = PBXGroup;
			children = (
				4E4FCCAE2316E8FE00DE83D2 /* AppRecord.swift */,
			);
			path = Models;
			sourceTree = "<group>";
		};
/* End PBXGroup section */

/* Begin PBXNativeTarget section */
		4E1CAB972316BB7500DADE70 /* BackgroundFetch */ = {
			isa = PBXNativeTarget;
			buildConfigurationList = 4E1CABAC2316BB7800DADE70 /* Build configuration list for PBXNativeTarget "BackgroundFetch" */;
			buildPhases = (
				4E1CAB942316BB7500DADE70 /* Sources */,
				4E1CAB952316BB7500DADE70 /* Frameworks */,
				4E1CAB962316BB7500DADE70 /* Resources */,
			);
			buildRules = (
			);
			dependencies = (
			);
			name = BackgroundFetch;
			productName = BackgroundFetch;
			productReference = 4E1CAB982316BB7500DADE70 /* BackgroundFetch.app */;
			productType = "com.apple.product-type.application";
		};
/* End PBXNativeTarget section */

/* Begin PBXProject section */
		4E1CAB902316BB7500DADE70 /* Project object */ = {
			isa = PBXProject;
			attributes = {
				LastSwiftUpdateCheck = 1100;
				LastUpgradeCheck = 1100;
				ORGANIZATIONNAME = "Gene Backlin";
				TargetAttributes = {
					4E1CAB972316BB7500DADE70 = {
						CreatedOnToolsVersion = 11.0;
					};
				};
			};
			buildConfigurationList = 4E1CAB932316BB7500DADE70 /* Build configuration list for PBXProject "BackgroundFetch" */;
			compatibilityVersion = "Xcode 9.3";
			developmentRegion = en;
			hasScannedForEncodings = 0;
			knownRegions = (
				en,
				Base,
			);
			mainGroup = 4E1CAB8F2316BB7500DADE70;
			productRefGroup = 4E1CAB992316BB7500DADE70 /* Products */;
			projectDirPath = "";
			projectRoot = "";
			targets = (
				4E1CAB972316BB7500DADE70 /* BackgroundFetch */,
			);
		};
/* End PBXProject section */

/* Begin PBXResourcesBuildPhase section */
		4E1CAB962316BB7500DADE70 /* Resources */ = {
			isa = PBXResourcesBuildPhase;
			buildActionMask = 2147483647;
			files = (
				4E1CABA82316BB7800DADE70 /* LaunchScreen.storyboard in Resources */,
				4E1CABA52316BB7800DADE70 /* Assets.xcassets in Resources */,
				4E1CABA32316BB7500DADE70 /* Main.storyboard in Resources */,
			);
			runOnlyForDeploymentPostprocessing = 0;
		};
/* End PBXResourcesBuildPhase section */

/* Begin PBXSourcesBuildPhase section */
		4E1CAB942316BB7500DADE70 /* Sources */ = {
			isa = PBXSourcesBuildPhase;
			buildActionMask = 2147483647;
			files = (
				4E4FCCB12316E8FE00DE83D2 /* AppRecord.swift in Sources */,
				4E1CAB9C2316BB7500DADE70 /* AppDelegate.swift in Sources */,
				4E91C9342316EB4E00D1542E /* TableViewController.swift in Sources */,
				4E4FCCAF2316E8FE00DE83D2 /* ParseOperation.swift in Sources */,
				4E4FCCB02316E8FE00DE83D2 /* IconDownloader.swift in Sources */,
				4E4FCCA92316E29B00DE83D2 /* PropertyList.swift in Sources */,
				4E1CAB9E2316BB7500DADE70 /* SceneDelegate.swift in Sources */,
				4EE5596C233E7F0800BAF360 /* Operations.swift in Sources */,
			);
			runOnlyForDeploymentPostprocessing = 0;
		};
/* End PBXSourcesBuildPhase section */

/* Begin PBXVariantGroup section */
		4E1CABA12316BB7500DADE70 /* Main.storyboard */ = {
			isa = PBXVariantGroup;
			children = (
				4E1CABA22316BB7500DADE70 /* Base */,
			);
			name = Main.storyboard;
			sourceTree = "<group>";
		};
		4E1CABA62316BB7800DADE70 /* LaunchScreen.storyboard */ = {
			isa = PBXVariantGroup;
			children = (
				4E1CABA72316BB7800DADE70 /* Base */,
			);
			name = LaunchScreen.storyboard;
			sourceTree = "<group>";
		};
/* End PBXVariantGroup section */

/* Begin XCBuildConfiguration section */
		4E1CABAA2316BB7800DADE70 /* Debug */ = {
			isa = XCBuildConfiguration;
			buildSettings = {
				ALWAYS_SEARCH_USER_PATHS = NO;
				CLANG_ANALYZER_NONNULL = YES;
				CLANG_ANALYZER_NUMBER_OBJECT_CONVERSION = YES_AGGRESSIVE;
				CLANG_CXX_LANGUAGE_STANDARD = "gnu++14";
				CLANG_CXX_LIBRARY = "libc++";
				CLANG_ENABLE_MODULES = YES;
				CLANG_ENABLE_OBJC_ARC = YES;
				CLANG_ENABLE_OBJC_WEAK = YES;
				CLANG_WARN_BLOCK_CAPTURE_AUTORELEASING = YES;
				CLANG_WARN_BOOL_CONVERSION = YES;
				CLANG_WARN_COMMA = YES;
				CLANG_WARN_CONSTANT_CONVERSION = YES;
				CLANG_WARN_DEPRECATED_OBJC_IMPLEMENTATIONS = YES;
				CLANG_WARN_DIRECT_OBJC_ISA_USAGE = YES_ERROR;
				CLANG_WARN_DOCUMENTATION_COMMENTS = YES;
				CLANG_WARN_EMPTY_BODY = YES;
				CLANG_WARN_ENUM_CONVERSION = YES;
				CLANG_WARN_INFINITE_RECURSION = YES;
				CLANG_WARN_INT_CONVERSION = YES;
				CLANG_WARN_NON_LITERAL_NULL_CONVERSION = YES;
				CLANG_WARN_OBJC_IMPLICIT_RETAIN_SELF = YES;
				CLANG_WARN_OBJC_LITERAL_CONVERSION = YES;
				CLANG_WARN_OBJC_ROOT_CLASS = YES_ERROR;
				CLANG_WARN_RANGE_LOOP_ANALYSIS = YES;
				CLANG_WARN_STRICT_PROTOTYPES = YES;
				CLANG_WARN_SUSPICIOUS_MOVE = YES;
				CLANG_WARN_UNGUARDED_AVAILABILITY = YES_AGGRESSIVE;
				CLANG_WARN_UNREACHABLE_CODE = YES;
				CLANG_WARN__DUPLICATE_METHOD_MATCH = YES;
				COPY_PHASE_STRIP = NO;
				DEBUG_INFORMATION_FORMAT = dwarf;
				ENABLE_STRICT_OBJC_MSGSEND = YES;
				ENABLE_TESTABILITY = YES;
				GCC_C_LANGUAGE_STANDARD = gnu11;
				GCC_DYNAMIC_NO_PIC = NO;
				GCC_NO_COMMON_BLOCKS = YES;
				GCC_OPTIMIZATION_LEVEL = 0;
				GCC_PREPROCESSOR_DEFINITIONS = (
					"DEBUG=1",
					"$(inherited)",
				);
				GCC_WARN_64_TO_32_BIT_CONVERSION = YES;
				GCC_WARN_ABOUT_RETURN_TYPE = YES_ERROR;
				GCC_WARN_UNDECLARED_SELECTOR = YES;
				GCC_WARN_UNINITIALIZED_AUTOS = YES_AGGRESSIVE;
				GCC_WARN_UNUSED_FUNCTION = YES;
				GCC_WARN_UNUSED_VARIABLE = YES;
				IPHONEOS_DEPLOYMENT_TARGET = 13.0;
				MTL_ENABLE_DEBUG_INFO = INCLUDE_SOURCE;
				MTL_FAST_MATH = YES;
				ONLY_ACTIVE_ARCH = YES;
				SDKROOT = iphoneos;
				SWIFT_ACTIVE_COMPILATION_CONDITIONS = DEBUG;
				SWIFT_OPTIMIZATION_LEVEL = "-Onone";
			};
			name = Debug;
		};
		4E1CABAB2316BB7800DADE70 /* Release */ = {
			isa = XCBuildConfiguration;
			buildSettings = {
				ALWAYS_SEARCH_USER_PATHS = NO;
				CLANG_ANALYZER_NONNULL = YES;
				CLANG_ANALYZER_NUMBER_OBJECT_CONVERSION = YES_AGGRESSIVE;
				CLANG_CXX_LANGUAGE_STANDARD = "gnu++14";
				CLANG_CXX_LIBRARY = "libc++";
				CLANG_ENABLE_MODULES = YES;
				CLANG_ENABLE_OBJC_ARC = YES;
				CLANG_ENABLE_OBJC_WEAK = YES;
				CLANG_WARN_BLOCK_CAPTURE_AUTORELEASING = YES;
				CLANG_WARN_BOOL_CONVERSION = YES;
				CLANG_WARN_COMMA = YES;
				CLANG_WARN_CONSTANT_CONVERSION = YES;
				CLANG_WARN_DEPRECATED_OBJC_IMPLEMENTATIONS = YES;
				CLANG_WARN_DIRECT_OBJC_ISA_USAGE = YES_ERROR;
				CLANG_WARN_DOCUMENTATION_COMMENTS = YES;
				CLANG_WARN_EMPTY_BODY = YES;
				CLANG_WARN_ENUM_CONVERSION = YES;
				CLANG_WARN_INFINITE_RECURSION = YES;
				CLANG_WARN_INT_CONVERSION = YES;
				CLANG_WARN_NON_LITERAL_NULL_CONVERSION = YES;
				CLANG_WARN_OBJC_IMPLICIT_RETAIN_SELF = YES;
				CLANG_WARN_OBJC_LITERAL_CONVERSION = YES;
				CLANG_WARN_OBJC_ROOT_CLASS = YES_ERROR;
				CLANG_WARN_RANGE_LOOP_ANALYSIS = YES;
				CLANG_WARN_STRICT_PROTOTYPES = YES;
				CLANG_WARN_SUSPICIOUS_MOVE = YES;
				CLANG_WARN_UNGUARDED_AVAILABILITY = YES_AGGRESSIVE;
				CLANG_WARN_UNREACHABLE_CODE = YES;
				CLANG_WARN__DUPLICATE_METHOD_MATCH = YES;
				COPY_PHASE_STRIP = NO;
				DEBUG_INFORMATION_FORMAT = "dwarf-with-dsym";
				ENABLE_NS_ASSERTIONS = NO;
				ENABLE_STRICT_OBJC_MSGSEND = YES;
				GCC_C_LANGUAGE_STANDARD = gnu11;
				GCC_NO_COMMON_BLOCKS = YES;
				GCC_WARN_64_TO_32_BIT_CONVERSION = YES;
				GCC_WARN_ABOUT_RETURN_TYPE = YES_ERROR;
				GCC_WARN_UNDECLARED_SELECTOR = YES;
				GCC_WARN_UNINITIALIZED_AUTOS = YES_AGGRESSIVE;
				GCC_WARN_UNUSED_FUNCTION = YES;
				GCC_WARN_UNUSED_VARIABLE = YES;
				IPHONEOS_DEPLOYMENT_TARGET = 13.0;
				MTL_ENABLE_DEBUG_INFO = NO;
				MTL_FAST_MATH = YES;
				SDKROOT = iphoneos;
				SWIFT_COMPILATION_MODE = wholemodule;
				SWIFT_OPTIMIZATION_LEVEL = "-O";
				VALIDATE_PRODUCT = YES;
			};
			name = Release;
		};
		4E1CABAD2316BB7800DADE70 /* Debug */ = {
			isa = XCBuildConfiguration;
			buildSettings = {
				ASSETCATALOG_COMPILER_APPICON_NAME = AppIcon;
				CODE_SIGN_IDENTITY = "iPhone Developer";
				CODE_SIGN_STYLE = Manual;
				DEVELOPMENT_TEAM = 8DT5Y3HP4L;
				INFOPLIST_FILE = BackgroundFetch/Info.plist;
				LD_RUNPATH_SEARCH_PATHS = (
					"$(inherited)",
					"@executable_path/Frameworks",
				);
				PRODUCT_BUNDLE_IDENTIFIER = com.marizack.BackgroundFetchDemo;
				PRODUCT_NAME = "$(TARGET_NAME)";
				PROVISIONING_PROFILE_SPECIFIER = "Background Fetch Demo Dev Pros Profile";
				SWIFT_VERSION = 5.0;
				TARGETED_DEVICE_FAMILY = "1,2";
			};
			name = Debug;
		};
		4E1CABAE2316BB7800DADE70 /* Release */ = {
			isa = XCBuildConfiguration;
			buildSettings = {
				ASSETCATALOG_COMPILER_APPICON_NAME = AppIcon;
				CODE_SIGN_IDENTITY = "iPhone Developer";
				CODE_SIGN_STYLE = Manual;
				DEVELOPMENT_TEAM = 8DT5Y3HP4L;
				INFOPLIST_FILE = BackgroundFetch/Info.plist;
				LD_RUNPATH_SEARCH_PATHS = (
					"$(inherited)",
					"@executable_path/Frameworks",
				);
				PRODUCT_BUNDLE_IDENTIFIER = com.marizack.BackgroundFetchDemo;
				PRODUCT_NAME = "$(TARGET_NAME)";
				PROVISIONING_PROFILE_SPECIFIER = "Background Fetch Demo Dev Pros Profile";
				SWIFT_VERSION = 5.0;
				TARGETED_DEVICE_FAMILY = "1,2";
			};
			name = Release;
		};
/* End XCBuildConfiguration section */

/* Begin XCConfigurationList section */
		4E1CAB932316BB7500DADE70 /* Build configuration list for PBXProject "BackgroundFetch" */ = {
			isa = XCConfigurationList;
			buildConfigurations = (
				4E1CABAA2316BB7800DADE70 /* Debug */,
				4E1CABAB2316BB7800DADE70 /* Release */,
			);
			defaultConfigurationIsVisible = 0;
			defaultConfigurationName = Release;
		};
		4E1CABAC2316BB7800DADE70 /* Build configuration list for PBXNativeTarget "BackgroundFetch" */ = {
			isa = XCConfigurationList;
			buildConfigurations = (
				4E1CABAD2316BB7800DADE70 /* Debug */,
				4E1CABAE2316BB7800DADE70 /* Release */,
			);
			defaultConfigurationIsVisible = 0;
			defaultConfigurationName = Release;
		};
/* End XCConfigurationList section */
	};
	rootObject = 4E1CAB902316BB7500DADE70 /* Project object */;
}
